
Microsoft Visual Studio Solution File, Format Version 12.00
# Visual Studio 15
VisualStudioVersion = 15.0.26403.7
MinimumVisualStudioVersion = 10.0.40219.1
Project("{FAE04EC0-301F-11D3-BF4B-00C04F79EFBC}") = "LibSearch", "LibSearch\LibSearch.csproj", "{F78D8055-805B-46B9-A40E-B9E2E2F60909}"
EndProject
Project("{FAE04EC0-301F-11D3-BF4B-00C04F79EFBC}") = "LibSearch.BL", "LibSearch.BL\LibSearch.BL.csproj", "{359511F9-D87E-4FC5-8065-B56914BFD517}"
EndProject
Project("{FAE04EC0-301F-11D3-BF4B-00C04F79EFBC}") = "LibSearch.Core", "LibSearch.Core\LibSearch.Core.csproj", "{4E2E7AD0-9FBF-4FEF-A005-D9B1CCE9D101}"
EndProject
Project("{FAE04EC0-301F-11D3-BF4B-00C04F79EFBC}") = "LibSearch.Data", "LibSearch.Data\LibSearch.Data.csproj", "{9387DCAF-AF42-4858-B881-CAB0102B3BF4}"
EndProject
Project("{FAE04EC0-301F-11D3-BF4B-00C04F79EFBC}") = "LibSearch.CW", "LibSearch.CW\LibSearch.CW.csproj", "{BCF73560-0F2E-40D2-B676-2CBF0E6C6002}"
EndProject
Project("{FAE04EC0-301F-11D3-BF4B-00C04F79EFBC}") = "LibSearch.Web", "LibSearch.Web\LibSearch.Web.csproj", "{80B70D15-80AD-4290-A363-9D16942F2736}"
EndProject
Project("{FAE04EC0-301F-11D3-BF4B-00C04F79EFBC}") = "LibSearch.Resources", "LibSearch.Resources\LibSearch.Resources.csproj", "{CAE2133B-F3CA-42D1-A0A3-21E33815B170}"
EndProject
Project("{FAE04EC0-301F-11D3-BF4B-00C04F79EFBC}") = "LibSearch.Crawler", "LibSearch.Crawler\LibSearch.Crawler.csproj", "{26F34651-E0E4-496E-B3D4-709336429653}"
EndProject
Project("{FAE04EC0-301F-11D3-BF4B-00C04F79EFBC}") = "LibSearch.Crawler.BL", "LibSearch.Crawler.BL\LibSearch.Crawler.BL.csproj", "{D2A9F3E0-03FC-40F9-83C7-D48D9225BD0F}"
EndProject
Project("{FAE04EC0-301F-11D3-BF4B-00C04F79EFBC}") = "LibSearch.Test", "LibSearch.Test\LibSearch.Test.csproj", "{2A1D1A0A-2D89-47CB-9BA7-3CB93048E33C}"
EndProject
Global
	GlobalSection(SolutionConfigurationPlatforms) = preSolution
		Debug|Any CPU = Debug|Any CPU
		Release|Any CPU = Release|Any CPU
	EndGlobalSection
	GlobalSection(ProjectConfigurationPlatforms) = postSolution
		{F78D8055-805B-46B9-A40E-B9E2E2F60909}.Debug|Any CPU.ActiveCfg = Debug|Any CPU
		{F78D8055-805B-46B9-A40E-B9E2E2F60909}.Debug|Any CPU.Build.0 = Debug|Any CPU
		{F78D8055-805B-46B9-A40E-B9E2E2F60909}.Release|Any CPU.ActiveCfg = Release|Any CPU
		{F78D8055-805B-46B9-A40E-B9E2E2F60909}.Release|Any CPU.Build.0 = Release|Any CPU
		{359511F9-D87E-4FC5-8065-B56914BFD517}.Debug|Any CPU.ActiveCfg = Debug|Any CPU
		{359511F9-D87E-4FC5-8065-B56914BFD517}.Debug|Any CPU.Build.0 = Debug|Any CPU
		{359511F9-D87E-4FC5-8065-B56914BFD517}.Release|Any CPU.ActiveCfg = Release|Any CPU
		{359511F9-D87E-4FC5-8065-B56914BFD517}.Release|Any CPU.Build.0 = Release|Any CPU
		{4E2E7AD0-9FBF-4FEF-A005-D9B1CCE9D101}.Debug|Any CPU.ActiveCfg = Debug|Any CPU
		{4E2E7AD0-9FBF-4FEF-A005-D9B1CCE9D101}.Debug|Any CPU.Build.0 = Debug|Any CPU
		{4E2E7AD0-9FBF-4FEF-A005-D9B1CCE9D101}.Release|Any CPU.ActiveCfg = Release|Any CPU
		{4E2E7AD0-9FBF-4FEF-A005-D9B1CCE9D101}.Release|Any CPU.Build.0 = Release|Any CPU
		{9387DCAF-AF42-4858-B881-CAB0102B3BF4}.Debug|Any CPU.ActiveCfg = Debug|Any CPU
		{9387DCAF-AF42-4858-B881-CAB0102B3BF4}.Debug|Any CPU.Build.0 = Debug|Any CPU
		{9387DCAF-AF42-4858-B881-CAB0102B3BF4}.Release|Any CPU.ActiveCfg = Release|Any CPU
		{9387DCAF-AF42-4858-B881-CAB0102B3BF4}.Release|Any CPU.Build.0 = Release|Any CPU
		{BCF73560-0F2E-40D2-B676-2CBF0E6C6002}.Debug|Any CPU.ActiveCfg = Debug|Any CPU
		{BCF73560-0F2E-40D2-B676-2CBF0E6C6002}.Debug|Any CPU.Build.0 = Debug|Any CPU
		{BCF73560-0F2E-40D2-B676-2CBF0E6C6002}.Release|Any CPU.ActiveCfg = Release|Any CPU
		{BCF73560-0F2E-40D2-B676-2CBF0E6C6002}.Release|Any CPU.Build.0 = Release|Any CPU
		{80B70D15-80AD-4290-A363-9D16942F2736}.Debug|Any CPU.ActiveCfg = Debug|Any CPU
		{80B70D15-80AD-4290-A363-9D16942F2736}.Debug|Any CPU.Build.0 = Debug|Any CPU
		{80B70D15-80AD-4290-A363-9D16942F2736}.Release|Any CPU.ActiveCfg = Release|Any CPU
		{80B70D15-80AD-4290-A363-9D16942F2736}.Release|Any CPU.Build.0 = Release|Any CPU
		{CAE2133B-F3CA-42D1-A0A3-21E33815B170}.Debug|Any CPU.ActiveCfg = Debug|Any CPU
		{CAE2133B-F3CA-42D1-A0A3-21E33815B170}.Debug|Any CPU.Build.0 = Debug|Any CPU
		{CAE2133B-F3CA-42D1-A0A3-21E33815B170}.Release|Any CPU.ActiveCfg = Release|Any CPU
		{CAE2133B-F3CA-42D1-A0A3-21E33815B170}.Release|Any CPU.Build.0 = Release|Any CPU
		{26F34651-E0E4-496E-B3D4-709336429653}.Debug|Any CPU.ActiveCfg = Debug|Any CPU
		{26F34651-E0E4-496E-B3D4-709336429653}.Debug|Any CPU.Build.0 = Debug|Any CPU
		{26F34651-E0E4-496E-B3D4-709336429653}.Release|Any CPU.ActiveCfg = Release|Any CPU
		{26F34651-E0E4-496E-B3D4-709336429653}.Release|Any CPU.Build.0 = Release|Any CPU
		{D2A9F3E0-03FC-40F9-83C7-D48D9225BD0F}.Debug|Any CPU.ActiveCfg = Debug|Any CPU
		{D2A9F3E0-03FC-40F9-83C7-D48D9225BD0F}.Debug|Any CPU.Build.0 = Debug|Any CPU
		{D2A9F3E0-03FC-40F9-83C7-D48D9225BD0F}.Release|Any CPU.ActiveCfg = Release|Any CPU
		{D2A9F3E0-03FC-40F9-83C7-D48D9225BD0F}.Release|Any CPU.Build.0 = Release|Any CPU
		{2A1D1A0A-2D89-47CB-9BA7-3CB93048E33C}.Debug|Any CPU.ActiveCfg = Debug|Any CPU
		{2A1D1A0A-2D89-47CB-9BA7-3CB93048E33C}.Debug|Any CPU.Build.0 = Debug|Any CPU
		{2A1D1A0A-2D89-47CB-9BA7-3CB93048E33C}.Release|Any CPU.ActiveCfg = Release|Any CPU
		{2A1D1A0A-2D89-47CB-9BA7-3CB93048E33C}.Release|Any CPU.Build.0 = Release|Any CPU
	EndGlobalSection
	GlobalSection(SolutionProperties) = preSolution
		HideSolutionNode = FALSE
	EndGlobalSection
EndGlobal
